PODS:
  - AFNetworkActivityLogger (2.0.3):
    - AFNetworking/NSURLConnection (~> 2.0)
    - AFNetworking/NSURLSession (~> 2.0)
  - AFNetworking (2.3.1):
    - AFNetworking/NSURLConnection
    - AFNetworking/NSURLSession
    - AFNetworking/Reachability
    - AFNetworking/Security
    - AFNetworking/Serialization
    - AFNetworking/UIKit
  - AFNetworking/NSURLConnection (2.3.1):
    - AFNetworking/Reachability
    - AFNetworking/Security
    - AFNetworking/Serialization
  - AFNetworking/NSURLSession (2.3.1):
    - AFNetworking/Reachability
    - AFNetworking/Security
    - AFNetworking/Serialization
  - AFNetworking/Reachability (2.3.1)
  - AFNetworking/Security (2.3.1)
  - AFNetworking/Serialization (2.3.1)
  - AFNetworking/UIKit (2.3.1):
    - AFNetworking/NSURLConnection
    - AFNetworking/NSURLSession
  - MRProgress (0.6.0):
    - MRProgress/ActivityIndicator
    - MRProgress/Blur
    - MRProgress/Circular
    - MRProgress/Icons
    - MRProgress/NavigationBarProgress
    - MRProgress/Overlay
  - MRProgress/ActivityIndicator (0.6.0):
    - MRProgress/Stopable
  - MRProgress/Blur (0.6.0):
    - MRProgress/Helper
  - MRProgress/Circular (0.6.0):
    - MRProgress/Helper
    - MRProgress/ProgressBaseClass
    - MRProgress/Stopable
  - MRProgress/Helper (0.6.0)
  - MRProgress/Icons (0.6.0)
  - MRProgress/NavigationBarProgress (0.6.0):
    - MRProgress/ProgressBaseClass
  - MRProgress/Overlay (0.6.0):
    - MRProgress/ActivityIndicator
    - MRProgress/Blur
    - MRProgress/Circular
    - MRProgress/Helper
    - MRProgress/Icons
  - MRProgress/ProgressBaseClass (0.6.0)
  - MRProgress/Stopable (0.6.0):
    - MRProgress/Helper
  - SHSPhoneComponent (2.11)
  - XLDataLoader (1.0.0):
    - AFNetworking (~> 2.0)

DEPENDENCIES:
  - AFNetworkActivityLogger
  - AFNetworking (~> 2.0)
  - MRProgress (~> 0.2)
  - SHSPhoneComponent
  - XLDataLoader (from `https://github.com/xmartlabs/XLDataLoader.git`, branch `master`)

EXTERNAL SOURCES:
  XLDataLoader:
    :branch: master
    :git: https://github.com/xmartlabs/XLDataLoader.git

SPEC CHECKSUMS:
  AFNetworkActivityLogger: d6a2d2755fada3a1fbf1f490ec0dd92224e092a4
  AFNetworking: 6d7b76aa5d04c8c37daad3eef4b7e3f2a7620da3
  MRProgress: bacc0f2f6c547e4ab21fd48ed14e19cbd70de3e4
  SHSPhoneComponent: 728c61d5dfe23314273c9e7ee9d05b314489425b
  XLDataLoader: 0417b79ce5563ba135cb41af6ddd99753ae07efe

COCOAPODS: 0.33.1
